
Microsoft Visual Studio Solution File, Format Version 12.00
# Visual Studio 15
VisualStudioVersion = 15.0.27703.2042
MinimumVisualStudioVersion = 10.0.40219.1
Project("{8BC9CEB8-8B4A-11D0-8D11-00A0C91BC942}") = "asdfrenderer", "asdfrenderer\asdfrenderer.vcxproj", "{977809A5-CDBE-4EAC-8D0B-312761243353}"
EndProject
Global
	GlobalSection(SolutionConfigurationPlatforms) = preSolution
		Debug|x64 = Debug|x64
		Debug|x86 = Debug|x86
		Release|x64 = Release|x64
		Release|x86 = Release|x86
	EndGlobalSection
	GlobalSection(ProjectConfigurationPlatforms) = postSolution
		{977809A5-CDBE-4EAC-8D0B-312761243353}.Debug|x64.ActiveCfg = Debug|x64
		{977809A5-CDBE-4EAC-8D0B-312761243353}.Debug|x64.Build.0 = Debug|x64
		{977809A5-CDBE-4EAC-8D0B-312761243353}.Debug|x86.ActiveCfg = Debug|Win32
		{977809A5-CDBE-4EAC-8D0B-312761243353}.Debug|x86.Build.0 = Debug|Win32
		{977809A5-CDBE-4EAC-8D0B-312761243353}.Release|x64.ActiveCfg = Release|x64
		{977809A5-CDBE-4EAC-8D0B-312761243353}.Release|x64.Build.0 = Release|x64
		{977809A5-CDBE-4EAC-8D0B-312761243353}.Release|x86.ActiveCfg = Release|Win32
		{977809A5-CDBE-4EAC-8D0B-312761243353}.Release|x86.Build.0 = Release|Win32
	EndGlobalSection
	GlobalSection(SolutionProperties) = preSolution
		HideSolutionNode = FALSE
	EndGlobalSection
	GlobalSection(ExtensibilityGlobals) = postSolution
		SolutionGuid = {FECBC903-9F9F-4FCA-9E57-DE8062E380D2}
	EndGlobalSection
EndGlobal
